{
  "name": "hanging-cp-why-running",
  "version": "1.0.0",
  "lockfileVersion": 3,
  "requires": true,
  "packages": {
    "": {
      "name": "hanging-cp-why-running",
      "version": "1.0.0",
      "license": "ISC",
      "devDependencies": {
        "why-is-node-running": "^3.2.2"
      }
    },
    "node_modules/why-is-node-running": {
      "version": "3.2.2",
      "resolved": "https://registry.npmjs.org/why-is-node-running/-/why-is-node-running-3.2.2.tgz",
      "integrity": "sha512-NKUzAelcoCXhXL4dJzKIwXeR8iEVqsA0Lq6Vnd0UXvgaKbzVo4ZTHROF2Jidrv+SgxOQ03fMinnNhzZATxOD3A==",
      "dev": true,
      "license": "MIT",
      "bin": {
        "why-is-node-running": "cli.js"
      },
      "engines": {
        "node": ">=20.11"
      }
    }
  }
}
